
Microsoft Visual Studio Solution File, Format Version 12.00
# Visual Studio 2013
VisualStudioVersion = 12.0.40629.0
MinimumVisualStudioVersion = 10.0.40219.1
Project("{8BC9CEB8-8B4A-11D0-8D11-00A0C91BC942}") = "testDriverFactoryMsvc", "testDriverFactoryMsvc.vcxproj", "{548E83B7-1125-4AC7-9657-8A962FACC979}"
EndProject
Global
	GlobalSection(SolutionConfigurationPlatforms) = preSolution
		Debug|Win32 = Debug|Win32
		Release|Win32 = Release|Win32
	EndGlobalSection
	GlobalSection(ProjectConfigurationPlatforms) = postSolution
		{548E83B7-1125-4AC7-9657-8A962FACC979}.Debug|Win32.ActiveCfg = Debug|Win32
		{548E83B7-1125-4AC7-9657-8A962FACC979}.Debug|Win32.Build.0 = Debug|Win32
		{548E83B7-1125-4AC7-9657-8A962FACC979}.Release|Win32.ActiveCfg = Release|Win32
		{548E83B7-1125-4AC7-9657-8A962FACC979}.Release|Win32.Build.0 = Release|Win32
	EndGlobalSection
	GlobalSection(SolutionProperties) = preSolution
		HideSolutionNode = FALSE
	EndGlobalSection
EndGlobal
